hash: 6cdaa2f7bd10dcff2232369814d033d9cfecfa18ebad291cd1dd475bb69ea928
updated: 2016-09-22T08:56:52.009806613+02:00
imports:
- name: github.com/coreos/go-systemd
  version: 43e4800a6165b4e02bb2a36673c54b230d6f7b26
  subpackages:
  - dbus
- name: github.com/experimental-platform/platform-utils
  version: 7e2b609a94b703d0710d2ed461856536daf0ff34
  subpackages:
  - netutil
- name: github.com/godbus/dbus
  version: 9998ce8520caaa4a287fa5122ecb5d1ca1aeaede
- name: github.com/vishvananda/netlink
  version: 63381f39fceb1c5c13503a90e1c2603caeafe3c5
  subpackages:
  - nl
- name: github.com/vishvananda/netns
  version: 8ba1072b58e0c2a240eb5f6120165c7776c3e7b8
testImports: []
