hash: 386c6b011390b6e0212865ecad38b7faff4544c85c38c54a0140479246f89ad5
updated: 2016-09-15T11:20:17.216937683+02:00
imports:
- name: github.com/docker/distribution
  version: 41f383fb9a3b4e3ff428a92db4f7836f8053058b
  subpackages:
  - digest
  - reference
- name: github.com/docker/engine-api
  version: 3d1601b9d2436a70b0dfc045a23f6503d19195df
  subpackages:
  - client
  - client/transport
  - client/transport/cancellable
  - types
  - types/blkiodev
  - types/container
  - types/filters
  - types/network
  - types/reference
  - types/registry
  - types/strslice
  - types/swarm
  - types/time
  - types/versions
- name: github.com/docker/go-connections
  version: 0bad1a3951398f88ef4dd75fdb42af374430be89
  subpackages:
  - nat
  - sockets
  - tlsconfig
- name: github.com/docker/go-units
  version: 2c1805a1c750c4ea749899f49221e1d5f3e5ce42
- name: github.com/experimental-platform/platform-skvs
  version: c3e76669572d9ac71984ad28768b1d9d11234efb
  subpackages:
  - client
- name: github.com/experimental-platform/platform-utils
  version: 7e2b609a94b703d0710d2ed461856536daf0ff34
  subpackages:
  - dockerutil
- name: github.com/michaelklishin/rabbit-hole
  version: 56cd787eb47617b7f5d2b3c014e63605612e5b2d
- name: github.com/Microsoft/go-winio
  version: ce2922f643c8fd76b46cadc7f404a06282678b34
- name: github.com/opencontainers/runc
  version: b79076544e2edbe4180b7bc424d793dd6a8f1f90
  subpackages:
  - libcontainer/user
- name: github.com/Sirupsen/logrus
  version: 55eb11d21d2a31a3cc93838241d04800f52e823d
- name: golang.org/x/net
  version: 4876518f9e71663000c348837735820161a42df7
  subpackages:
  - context
  - proxy
- name: golang.org/x/sys
  version: a646d33e2ee3172a661fc09bca23bb4889a41bc8
  subpackages:
  - windows
testImports: []
