hash: 764f63d765f629f99bf785203145f713c11e0ed5c8b5c246ffbd2cc3254d20c9
updated: 2016-08-22T15:19:37.989919625+02:00
imports:
- name: github.com/docker/libcontainer
  version: 83a102cc68a09d890cce3b6c2e5c14c49e6373a0
  subpackages:
  - netlink
  - system
- name: github.com/experimental-platform/platform-utils
  version: 9dc7664282442c1fa703df4b78fc380b40fb03c1
  subpackages:
  - netutil
- name: github.com/kdomanski/tenus
  version: c41d3f2c559f28367cecb5e22d13460bfb74653b
testImports: []
